
Microsoft Visual Studio Solution File, Format Version 12.00
# Visual Studio Version 17
VisualStudioVersion = 17.6.33829.357
MinimumVisualStudioVersion = 10.0.40219.1
Project("{9A19103F-16F7-4668-BE54-9A1E7A4F7556}") = "Movies.Api", "Movies.Api\Movies.Api.csproj", "{D55C60F1-6CC3-4D7D-9C95-53050FAF4A27}"
EndProject
Project("{9A19103F-16F7-4668-BE54-9A1E7A4F7556}") = "Movies.Application", "Movies.Application\Movies.Application.csproj", "{0B4DFEB1-F464-4D7D-9E88-C11EC7721C3A}"
EndProject
Project("{9A19103F-16F7-4668-BE54-9A1E7A4F7556}") = "Movies.Contracts", "Movies.Contracts\Movies.Contracts.csproj", "{AA635374-0387-4730-A7BB-51D310847C7D}"
EndProject
Project("{2150E333-8FDC-42A3-9474-1A3956D46DE8}") = "1.GettingStarted", "1.GettingStarted", "{9692A5F8-7D01-4B41-A35C-7E0783474071}"
EndProject
Project("{2150E333-8FDC-42A3-9474-1A3956D46DE8}") = "2.BeyondTheBasics", "2.BeyondTheBasics", "{4C12320D-8408-4DA3-9356-79BD579049B5}"
EndProject
Global
	GlobalSection(SolutionConfigurationPlatforms) = preSolution
		Debug|Any CPU = Debug|Any CPU
		Release|Any CPU = Release|Any CPU
	EndGlobalSection
	GlobalSection(ProjectConfigurationPlatforms) = postSolution
		{D55C60F1-6CC3-4D7D-9C95-53050FAF4A27}.Debug|Any CPU.ActiveCfg = Debug|Any CPU
		{D55C60F1-6CC3-4D7D-9C95-53050FAF4A27}.Debug|Any CPU.Build.0 = Debug|Any CPU
		{D55C60F1-6CC3-4D7D-9C95-53050FAF4A27}.Release|Any CPU.ActiveCfg = Release|Any CPU
		{D55C60F1-6CC3-4D7D-9C95-53050FAF4A27}.Release|Any CPU.Build.0 = Release|Any CPU
		{0B4DFEB1-F464-4D7D-9E88-C11EC7721C3A}.Debug|Any CPU.ActiveCfg = Debug|Any CPU
		{0B4DFEB1-F464-4D7D-9E88-C11EC7721C3A}.Debug|Any CPU.Build.0 = Debug|Any CPU
		{0B4DFEB1-F464-4D7D-9E88-C11EC7721C3A}.Release|Any CPU.ActiveCfg = Release|Any CPU
		{0B4DFEB1-F464-4D7D-9E88-C11EC7721C3A}.Release|Any CPU.Build.0 = Release|Any CPU
		{AA635374-0387-4730-A7BB-51D310847C7D}.Debug|Any CPU.ActiveCfg = Debug|Any CPU
		{AA635374-0387-4730-A7BB-51D310847C7D}.Debug|Any CPU.Build.0 = Debug|Any CPU
		{AA635374-0387-4730-A7BB-51D310847C7D}.Release|Any CPU.ActiveCfg = Release|Any CPU
		{AA635374-0387-4730-A7BB-51D310847C7D}.Release|Any CPU.Build.0 = Release|Any CPU
	EndGlobalSection
	GlobalSection(SolutionProperties) = preSolution
		HideSolutionNode = FALSE
	EndGlobalSection
	GlobalSection(NestedProjects) = preSolution
		{D55C60F1-6CC3-4D7D-9C95-53050FAF4A27} = {9692A5F8-7D01-4B41-A35C-7E0783474071}
		{0B4DFEB1-F464-4D7D-9E88-C11EC7721C3A} = {9692A5F8-7D01-4B41-A35C-7E0783474071}
		{AA635374-0387-4730-A7BB-51D310847C7D} = {9692A5F8-7D01-4B41-A35C-7E0783474071}
	EndGlobalSection
	GlobalSection(ExtensibilityGlobals) = postSolution
		SolutionGuid = {53C9F4CF-E7A5-4D15-8DF9-1FAA2F9BF2B3}
	EndGlobalSection
EndGlobal
