
Microsoft Visual Studio Solution File, Format Version 12.00
# Visual Studio Version 17
VisualStudioVersion = 17.6.33829.357
MinimumVisualStudioVersion = 10.0.40219.1
Project("{FAE04EC0-301F-11D3-BF4B-00C04F79EFBC}") = "Movies.Api", "Movies.Api\Movies.Api.csproj", "{D55C60F1-6CC3-4D7D-9C95-53050FAF4A27}"
EndProject
Global
	GlobalSection(SolutionConfigurationPlatforms) = preSolution
		Debug|Any CPU = Debug|Any CPU
		Release|Any CPU = Release|Any CPU
	EndGlobalSection
	GlobalSection(ProjectConfigurationPlatforms) = postSolution
		{D55C60F1-6CC3-4D7D-9C95-53050FAF4A27}.Debug|Any CPU.ActiveCfg = Debug|Any CPU
		{D55C60F1-6CC3-4D7D-9C95-53050FAF4A27}.Debug|Any CPU.Build.0 = Debug|Any CPU
		{D55C60F1-6CC3-4D7D-9C95-53050FAF4A27}.Release|Any CPU.ActiveCfg = Release|Any CPU
		{D55C60F1-6CC3-4D7D-9C95-53050FAF4A27}.Release|Any CPU.Build.0 = Release|Any CPU
	EndGlobalSection
	GlobalSection(SolutionProperties) = preSolution
		HideSolutionNode = FALSE
	EndGlobalSection
	GlobalSection(ExtensibilityGlobals) = postSolution
		SolutionGuid = {53C9F4CF-E7A5-4D15-8DF9-1FAA2F9BF2B3}
	EndGlobalSection
EndGlobal
